// !$*UTF8*$!
{
	archiveVersion = 1;
	classes = {
	};
	objectVersion = 56;
	objects = {

/* Begin PBXBuildFile section */
		847ECEC329FDA3D600F5DA0A /* main.c in Sources */ = {isa = PBXBuildFile; fileRef = 847ECEC229FDA3D600F5DA0A /* main.c */; };
		847ECECB29FDA5DF00F5DA0A /* libcapstone.a in Frameworks */ = {isa = PBXBuildFile; fileRef = 847ECECA29FDA5DF00F5DA0A /* libcapstone.a */; };
		847ECECD29FDA5E600F5DA0A /* libkeystone.a in Frameworks */ = {isa = PBXBuildFile; fileRef = 847ECECC29FDA5E600F5DA0A /* libkeystone.a */; };
		84FD97092A104BE400B436F6 /* Debug.c in Sources */ = {isa = PBXBuildFile; fileRef = 84FD97082A104BE400B436F6 /* Debug.c */; };
/* End PBXBuildFile section */

/* Begin PBXCopyFilesBuildPhase section */
		847ECEBD29FDA3D600F5DA0A /* CopyFiles */ = {
			isa = PBXCopyFilesBuildPhase;
			buildActionMask = 2147483647;
			dstPath = /usr/share/man/man1/;
			dstSubfolderSpec = 0;
			files = (
			);
			runOnlyForDeploymentPostprocessing = 1;
		};
/* End PBXCopyFilesBuildPhase section */

/* Begin PBXFileReference section */
		847ECEBF29FDA3D600F5DA0A /* moveFunction */ = {isa = PBXFileReference; explicitFileType = "compiled.mach-o.executable"; includeInIndex = 0; path = moveFunction; sourceTree = BUILT_PRODUCTS_DIR; };
		847ECEC229FDA3D600F5DA0A /* main.c */ = {isa = PBXFileReference; lastKnownFileType = sourcecode.c.c; path = main.c; sourceTree = "<group>"; };
		847ECECA29FDA5DF00F5DA0A /* libcapstone.a */ = {isa = PBXFileReference; lastKnownFileType = archive.ar; name = libcapstone.a; path = moveFunction/libcapstone.a; sourceTree = "<group>"; };
		847ECECC29FDA5E600F5DA0A /* libkeystone.a */ = {isa = PBXFileReference; lastKnownFileType = archive.ar; name = libkeystone.a; path = moveFunction/libkeystone.a; sourceTree = "<group>"; };
		84FD97072A103D0500B436F6 /* main.h */ = {isa = PBXFileReference; lastKnownFileType = sourcecode.c.h; path = main.h; sourceTree = "<group>"; };
		84FD97082A104BE400B436F6 /* Debug.c */ = {isa = PBXFileReference; lastKnownFileType = sourcecode.c.c; name = Debug.c; path = moveFunction/Debug/Debug/Debug.c; sourceTree = "<group>"; };
		84FD970A2A10EA6900B436F6 /* moveFunction.entitlements */ = {isa = PBXFileReference; lastKnownFileType = text.plist.entitlements; path = moveFunction.entitlements; sourceTree = "<group>"; };
/* End PBXFileReference section */

/* Begin PBXFrameworksBuildPhase section */
		847ECEBC29FDA3D600F5DA0A /* Frameworks */ = {
			isa = PBXFrameworksBuildPhase;
			buildActionMask = 2147483647;
			files = (
				847ECECD29FDA5E600F5DA0A /* libkeystone.a in Frameworks */,
				847ECECB29FDA5DF00F5DA0A /* libcapstone.a in Frameworks */,
			);
			runOnlyForDeploymentPostprocessing = 0;
		};
/* End PBXFrameworksBuildPhase section */

/* Begin PBXGroup section */
		847ECEB629FDA3D600F5DA0A = {
			isa = PBXGroup;
			children = (
				84FD97082A104BE400B436F6 /* Debug.c */,
				847ECEC129FDA3D600F5DA0A /* moveFunction */,
				847ECEC029FDA3D600F5DA0A /* Products */,
				847ECEC929FDA5DF00F5DA0A /* Frameworks */,
			);
			sourceTree = "<group>";
		};
		847ECEC029FDA3D600F5DA0A /* Products */ = {
			isa = PBXGroup;
			children = (
				847ECEBF29FDA3D600F5DA0A /* moveFunction */,
			);
			name = Products;
			sourceTree = "<group>";
		};
		847ECEC129FDA3D600F5DA0A /* moveFunction */ = {
			isa = PBXGroup;
			children = (
				84FD970A2A10EA6900B436F6 /* moveFunction.entitlements */,
				847ECEC229FDA3D600F5DA0A /* main.c */,
				84FD97072A103D0500B436F6 /* main.h */,
			);
			path = moveFunction;
			sourceTree = "<group>";
		};
		847ECEC929FDA5DF00F5DA0A /* Frameworks */ = {
			isa = PBXGroup;
			children = (
				847ECECC29FDA5E600F5DA0A /* libkeystone.a */,
				847ECECA29FDA5DF00F5DA0A /* libcapstone.a */,
			);
			name = Frameworks;
			sourceTree = "<group>";
		};
/* End PBXGroup section */

/* Begin PBXNativeTarget section */
		847ECEBE29FDA3D600F5DA0A /* moveFunction */ = {
			isa = PBXNativeTarget;
			buildConfigurationList = 847ECEC629FDA3D600F5DA0A /* Build configuration list for PBXNativeTarget "moveFunction" */;
			buildPhases = (
				847ECEBB29FDA3D600F5DA0A /* Sources */,
				847ECEBC29FDA3D600F5DA0A /* Frameworks */,
				847ECEBD29FDA3D600F5DA0A /* CopyFiles */,
			);
			buildRules = (
			);
			dependencies = (
			);
			name = moveFunction;
			productName = moveFunction;
			productReference = 847ECEBF29FDA3D600F5DA0A /* moveFunction */;
			productType = "com.apple.product-type.tool";
		};
/* End PBXNativeTarget section */

/* Begin PBXProject section */
		847ECEB729FDA3D600F5DA0A /* Project object */ = {
			isa = PBXProject;
			attributes = {
				BuildIndependentTargetsInParallel = 1;
				LastUpgradeCheck = 1420;
				TargetAttributes = {
					847ECEBE29FDA3D600F5DA0A = {
						CreatedOnToolsVersion = 14.2;
					};
				};
			};
			buildConfigurationList = 847ECEBA29FDA3D600F5DA0A /* Build configuration list for PBXProject "moveFunction" */;
			compatibilityVersion = "Xcode 14.0";
			developmentRegion = en;
			hasScannedForEncodings = 0;
			knownRegions = (
				en,
				Base,
			);
			mainGroup = 847ECEB629FDA3D600F5DA0A;
			productRefGroup = 847ECEC029FDA3D600F5DA0A /* Products */;
			projectDirPath = "";
			projectRoot = "";
			targets = (
				847ECEBE29FDA3D600F5DA0A /* moveFunction */,
			);
		};
/* End PBXProject section */

/* Begin PBXSourcesBuildPhase section */
		847ECEBB29FDA3D600F5DA0A /* Sources */ = {
			isa = PBXSourcesBuildPhase;
			buildActionMask = 2147483647;
			files = (
				84FD97092A104BE400B436F6 /* Debug.c in Sources */,
				847ECEC329FDA3D600F5DA0A /* main.c in Sources */,
			);
			runOnlyForDeploymentPostprocessing = 0;
		};
/* End PBXSourcesBuildPhase section */

/* Begin XCBuildConfiguration section */
		847ECEC429FDA3D600F5DA0A /* Debug */ = {
			isa = XCBuildConfiguration;
			buildSettings = {
				ALWAYS_SEARCH_USER_PATHS = NO;
				CLANG_ANALYZER_NONNULL = YES;
				CLANG_ANALYZER_NUMBER_OBJECT_CONVERSION = YES_AGGRESSIVE;
				CLANG_CXX_LANGUAGE_STANDARD = "gnu++20";
				CLANG_ENABLE_MODULES = YES;
				CLANG_ENABLE_OBJC_ARC = YES;
				CLANG_ENABLE_OBJC_WEAK = YES;
				CLANG_WARN_BLOCK_CAPTURE_AUTORELEASING = YES;
				CLANG_WARN_BOOL_CONVERSION = YES;
				CLANG_WARN_COMMA = YES;
				CLANG_WARN_CONSTANT_CONVERSION = YES;
				CLANG_WARN_DEPRECATED_OBJC_IMPLEMENTATIONS = YES;
				CLANG_WARN_DIRECT_OBJC_ISA_USAGE = YES_ERROR;
				CLANG_WARN_DOCUMENTATION_COMMENTS = YES;
				CLANG_WARN_EMPTY_BODY = YES;
				CLANG_WARN_ENUM_CONVERSION = YES;
				CLANG_WARN_INFINITE_RECURSION = YES;
				CLANG_WARN_INT_CONVERSION = YES;
				CLANG_WARN_NON_LITERAL_NULL_CONVERSION = YES;
				CLANG_WARN_OBJC_IMPLICIT_RETAIN_SELF = YES;
				CLANG_WARN_OBJC_LITERAL_CONVERSION = YES;
				CLANG_WARN_OBJC_ROOT_CLASS = YES_ERROR;
				CLANG_WARN_QUOTED_INCLUDE_IN_FRAMEWORK_HEADER = YES;
				CLANG_WARN_RANGE_LOOP_ANALYSIS = YES;
				CLANG_WARN_STRICT_PROTOTYPES = YES;
				CLANG_WARN_SUSPICIOUS_MOVE = YES;
				CLANG_WARN_UNGUARDED_AVAILABILITY = YES_AGGRESSIVE;
				CLANG_WARN_UNREACHABLE_CODE = YES;
				CLANG_WARN__DUPLICATE_METHOD_MATCH = YES;
				COPY_PHASE_STRIP = NO;
				DEBUG_INFORMATION_FORMAT = dwarf;
				ENABLE_STRICT_OBJC_MSGSEND = YES;
				ENABLE_TESTABILITY = YES;
				GCC_C_LANGUAGE_STANDARD = gnu11;
				GCC_DYNAMIC_NO_PIC = NO;
				GCC_NO_COMMON_BLOCKS = YES;
				GCC_OPTIMIZATION_LEVEL = 0;
				GCC_PREPROCESSOR_DEFINITIONS = (
					"DEBUG=1",
					"$(inherited)",
				);
				GCC_WARN_64_TO_32_BIT_CONVERSION = YES;
				GCC_WARN_ABOUT_RETURN_TYPE = YES_ERROR;
				GCC_WARN_UNDECLARED_SELECTOR = YES;
				GCC_WARN_UNINITIALIZED_AUTOS = YES_AGGRESSIVE;
				GCC_WARN_UNUSED_FUNCTION = YES;
				GCC_WARN_UNUSED_VARIABLE = YES;
				MACOSX_DEPLOYMENT_TARGET = 13.1;
				MTL_ENABLE_DEBUG_INFO = INCLUDE_SOURCE;
				MTL_FAST_MATH = YES;
				ONLY_ACTIVE_ARCH = YES;
				SDKROOT = macosx;
			};
			name = Debug;
		};
		847ECEC529FDA3D600F5DA0A /* Release */ = {
			isa = XCBuildConfiguration;
			buildSettings = {
				ALWAYS_SEARCH_USER_PATHS = NO;
				CLANG_ANALYZER_NONNULL = YES;
				CLANG_ANALYZER_NUMBER_OBJECT_CONVERSION = YES_AGGRESSIVE;
				CLANG_CXX_LANGUAGE_STANDARD = "gnu++20";
				CLANG_ENABLE_MODULES = YES;
				CLANG_ENABLE_OBJC_ARC = YES;
				CLANG_ENABLE_OBJC_WEAK = YES;
				CLANG_WARN_BLOCK_CAPTURE_AUTORELEASING = YES;
				CLANG_WARN_BOOL_CONVERSION = YES;
				CLANG_WARN_COMMA = YES;
				CLANG_WARN_CONSTANT_CONVERSION = YES;
				CLANG_WARN_DEPRECATED_OBJC_IMPLEMENTATIONS = YES;
				CLANG_WARN_DIRECT_OBJC_ISA_USAGE = YES_ERROR;
				CLANG_WARN_DOCUMENTATION_COMMENTS = YES;
				CLANG_WARN_EMPTY_BODY = YES;
				CLANG_WARN_ENUM_CONVERSION = YES;
				CLANG_WARN_INFINITE_RECURSION = YES;
				CLANG_WARN_INT_CONVERSION = YES;
				CLANG_WARN_NON_LITERAL_NULL_CONVERSION = YES;
				CLANG_WARN_OBJC_IMPLICIT_RETAIN_SELF = YES;
				CLANG_WARN_OBJC_LITERAL_CONVERSION = YES;
				CLANG_WARN_OBJC_ROOT_CLASS = YES_ERROR;
				CLANG_WARN_QUOTED_INCLUDE_IN_FRAMEWORK_HEADER = YES;
				CLANG_WARN_RANGE_LOOP_ANALYSIS = YES;
				CLANG_WARN_STRICT_PROTOTYPES = YES;
				CLANG_WARN_SUSPICIOUS_MOVE = YES;
				CLANG_WARN_UNGUARDED_AVAILABILITY = YES_AGGRESSIVE;
				CLANG_WARN_UNREACHABLE_CODE = YES;
				CLANG_WARN__DUPLICATE_METHOD_MATCH = YES;
				COPY_PHASE_STRIP = NO;
				DEBUG_INFORMATION_FORMAT = "dwarf-with-dsym";
				ENABLE_NS_ASSERTIONS = NO;
				ENABLE_STRICT_OBJC_MSGSEND = YES;
				GCC_C_LANGUAGE_STANDARD = gnu11;
				GCC_NO_COMMON_BLOCKS = YES;
				GCC_WARN_64_TO_32_BIT_CONVERSION = YES;
				GCC_WARN_ABOUT_RETURN_TYPE = YES_ERROR;
				GCC_WARN_UNDECLARED_SELECTOR = YES;
				GCC_WARN_UNINITIALIZED_AUTOS = YES_AGGRESSIVE;
				GCC_WARN_UNUSED_FUNCTION = YES;
				GCC_WARN_UNUSED_VARIABLE = YES;
				MACOSX_DEPLOYMENT_TARGET = 13.1;
				MTL_ENABLE_DEBUG_INFO = NO;
				MTL_FAST_MATH = YES;
				SDKROOT = macosx;
			};
			name = Release;
		};
		847ECEC729FDA3D600F5DA0A /* Debug */ = {
			isa = XCBuildConfiguration;
			buildSettings = {
				CODE_SIGN_ENTITLEMENTS = moveFunction/moveFunction.entitlements;
				CODE_SIGN_IDENTITY = "Apple Development";
				"CODE_SIGN_IDENTITY[sdk=macosx*]" = "-";
				CODE_SIGN_STYLE = Automatic;
				CREATE_INFOPLIST_SECTION_IN_BINARY = YES;
				DEVELOPMENT_TEAM = "";
				ENABLE_HARDENED_RUNTIME = YES;
				GENERATE_INFOPLIST_FILE = YES;
				LIBRARY_SEARCH_PATHS = (
					"$(inherited)",
					"$(PROJECT_DIR)/moveFunction",
				);
				MACOSX_DEPLOYMENT_TARGET = 13.1;
				OTHER_LDFLAGS = "-lc++";
				PRODUCT_NAME = "$(TARGET_NAME)";
				PROVISIONING_PROFILE_SPECIFIER = "";
				SDKROOT = macosx;
			};
			name = Debug;
		};
		847ECEC829FDA3D600F5DA0A /* Release */ = {
			isa = XCBuildConfiguration;
			buildSettings = {
				CODE_SIGN_ENTITLEMENTS = moveFunction/moveFunction.entitlements;
				CODE_SIGN_IDENTITY = "Apple Development";
				"CODE_SIGN_IDENTITY[sdk=macosx*]" = "-";
				CODE_SIGN_STYLE = Automatic;
				CREATE_INFOPLIST_SECTION_IN_BINARY = YES;
				DEVELOPMENT_TEAM = "";
				ENABLE_HARDENED_RUNTIME = YES;
				GENERATE_INFOPLIST_FILE = YES;
				LIBRARY_SEARCH_PATHS = (
					"$(inherited)",
					"$(PROJECT_DIR)/moveFunction",
				);
				MACOSX_DEPLOYMENT_TARGET = 13.1;
				OTHER_LDFLAGS = "-lc++";
				PRODUCT_NAME = "$(TARGET_NAME)";
				PROVISIONING_PROFILE_SPECIFIER = "";
				SDKROOT = macosx;
			};
			name = Release;
		};
/* End XCBuildConfiguration section */

/* Begin XCConfigurationList section */
		847ECEBA29FDA3D600F5DA0A /* Build configuration list for PBXProject "moveFunction" */ = {
			isa = XCConfigurationList;
			buildConfigurations = (
				847ECEC429FDA3D600F5DA0A /* Debug */,
				847ECEC529FDA3D600F5DA0A /* Release */,
			);
			defaultConfigurationIsVisible = 0;
			defaultConfigurationName = Release;
		};
		847ECEC629FDA3D600F5DA0A /* Build configuration list for PBXNativeTarget "moveFunction" */ = {
			isa = XCConfigurationList;
			buildConfigurations = (
				847ECEC729FDA3D600F5DA0A /* Debug */,
				847ECEC829FDA3D600F5DA0A /* Release */,
			);
			defaultConfigurationIsVisible = 0;
			defaultConfigurationName = Release;
		};
/* End XCConfigurationList section */
	};
	rootObject = 847ECEB729FDA3D600F5DA0A /* Project object */;
}
